
Microsoft Visual Studio Solution File, Format Version 12.00
# Visual Studio Version 17
VisualStudioVersion = 17.8.34330.188
MinimumVisualStudioVersion = 10.0.40219.1
Project("{FAE04EC0-301F-11D3-BF4B-00C04F79EFBC}") = "UnitTest", "UnitTest\UnitTest.csproj", "{7F58FF6C-C506-4188-82CB-BED15B987687}"
EndProject
Project("{FAE04EC0-301F-11D3-BF4B-00C04F79EFBC}") = "Test", "Test\Test.csproj", "{B711A97E-AF09-44E3-8092-28A07F5DB539}"
EndProject
Project("{FAE04EC0-301F-11D3-BF4B-00C04F79EFBC}") = "Validations", "Validations\Validations.csproj", "{6E28A7C4-6717-4F6C-92A2-ECA0C6E1D549}"
EndProject
Global
	GlobalSection(SolutionConfigurationPlatforms) = preSolution
		Debug|Any CPU = Debug|Any CPU
		Release|Any CPU = Release|Any CPU
	EndGlobalSection
	GlobalSection(ProjectConfigurationPlatforms) = postSolution
		{7F58FF6C-C506-4188-82CB-BED15B987687}.Debug|Any CPU.ActiveCfg = Debug|Any CPU
		{7F58FF6C-C506-4188-82CB-BED15B987687}.Debug|Any CPU.Build.0 = Debug|Any CPU
		{7F58FF6C-C506-4188-82CB-BED15B987687}.Release|Any CPU.ActiveCfg = Release|Any CPU
		{7F58FF6C-C506-4188-82CB-BED15B987687}.Release|Any CPU.Build.0 = Release|Any CPU
		{B711A97E-AF09-44E3-8092-28A07F5DB539}.Debug|Any CPU.ActiveCfg = Debug|Any CPU
		{B711A97E-AF09-44E3-8092-28A07F5DB539}.Debug|Any CPU.Build.0 = Debug|Any CPU
		{B711A97E-AF09-44E3-8092-28A07F5DB539}.Release|Any CPU.ActiveCfg = Release|Any CPU
		{B711A97E-AF09-44E3-8092-28A07F5DB539}.Release|Any CPU.Build.0 = Release|Any CPU
		{6E28A7C4-6717-4F6C-92A2-ECA0C6E1D549}.Debug|Any CPU.ActiveCfg = Debug|Any CPU
		{6E28A7C4-6717-4F6C-92A2-ECA0C6E1D549}.Debug|Any CPU.Build.0 = Debug|Any CPU
		{6E28A7C4-6717-4F6C-92A2-ECA0C6E1D549}.Release|Any CPU.ActiveCfg = Release|Any CPU
		{6E28A7C4-6717-4F6C-92A2-ECA0C6E1D549}.Release|Any CPU.Build.0 = Release|Any CPU
	EndGlobalSection
	GlobalSection(SolutionProperties) = preSolution
		HideSolutionNode = FALSE
	EndGlobalSection
	GlobalSection(ExtensibilityGlobals) = postSolution
		SolutionGuid = {D5094A37-841B-4634-8B00-F9901E6B2DE6}
	EndGlobalSection
EndGlobal
